github.com/ebitengine/gomobile v0.0.0-20240518074828-e86332849895 h1:48bCqKTuD7Z0UovDfvpCn7wZ0GUZ+yosIteNDthn3FU=
github.com/ebitengine/gomobile v0.0.0-20240518074828-e86332849895/go.mod h1:XZdLv05c5hOZm3fM2NlJ92FyEZjnslcMcNRrhxs8+8M=
github.com/ebitengine/hideconsole v1.0.0 h1:5J4U0kXF+pv/DhiXt5/lTz0eO5ogJ1iXb8Yj1yReDqE=
github.com/ebitengine/hideconsole v1.0.0/go.mod h1:hTTBTvVYWKBuxPr7peweneWdkUwEuHuB3C1R/ielR1A=
github.com/ebitengine/purego v0.8.0-alpha.3 h1:qoFlpGuVwJ6J85kuj6Qpyp0DBgxsNYfSY9efidSNFgA=
github.com/ebitengine/purego v0.8.0-alpha.3/go.mod h1:b94LtM1jUWDZPKDyENVhB0WsLdLWFApjbNw5AyxmKyI=
github.com/fsnotify/fsnotify v1.7.0 h1:8JEhPFa5W2WU7YfeZzPNqzMP6Lwt7L2715Ggo0nosvA=
github.com/fsnotify/fsnotify v1.7.0/go.mod h1:40Bi/Hjc2AVfZrqy+aj+yEI+/bRxZnMJyTJwOpGvigM=
github.com/hajimehoshi/ebiten/v2 v2.8.0-alpha.2.0.20240715134445-38d6328e41e3 h1:NVd6ZcQujOW00Irfs+Sfgt+ODzS/ULNig7yqtuaXWW8=
github.com/hajimehoshi/ebiten/v2 v2.8.0-alpha.2.0.20240715134445-38d6328e41e3/go.mod h1:KhoEn0NwFWc6nc2q2Z5OEzpjHvmjyl6ADUUaKEgLOBw=
github.com/jezek/xgb v1.1.1 h1:bE/r8ZZtSv7l9gk6nU0mYx51aXrvnyb44892TwSaqS4=
github.com/jezek/xgb v1.1.1/go.mod h1:nrhwO0FX/enq75I7Y7G8iN1ubpSGZEiA3v9e9GyRFlk=
golang.org/x/image v0.18.0 h1:jGzIakQa/ZXI1I0Fxvaa9W7yP25TqT6cHIHn+6CqvSQ=
golang.org/x/image v0.18.0/go.mod h1:4yyo5vMFQjVjUcVk4jEQcU9MGy/rulF5WvUILseCM2E=
golang.org/x/sync v0.7.0 h1:YsImfSBoP9QPYL0xyKJPq0gcaJdG3rInoqxTWbfQu9M=
golang.org/x/sync v0.7.0/go.mod h1:Czt+wKu1gCyEFDUtn0jG5QVvpJ6rzVqr5aXyt9drQfk=
golang.org/x/sys v0.22.0 h1:RI27ohtqKCnwULzJLqkv897zojh5/DwS/ENaMzUOaWI=
golang.org/x/sys v0.22.0/go.mod h1:/VUhepiaJMQUp4+oa/7Zr1D23ma6VTLIYjOOTFZPUcA=
